// !$*UTF8*$!
{
	archiveVersion = 1;
	classes = {
	};
	objectVersion = 56;
	objects = {

/* Begin PBXBuildFile section */
		E9234B222966B466004D1874 /* MaTeamApp.swift in Sources */ = {isa = PBXBuildFile; fileRef = E9234B212966B466004D1874 /* MaTeamApp.swift */; };
		E9234B252966B466004D1874 /* ContentView.swift in Sources */ = {isa = PBXBuildFile; fileRef = E9234B242966B466004D1874 /* ContentView.swift */; };
		E9234B282966B468004D1874 /* Assets.xcassets in Resources */ = {isa = PBXBuildFile; fileRef = E9234B272966B468004D1874 /* Assets.xcassets */; };
		E9234B2C2966B468004D1874 /* Preview Assets.xcassets in Resources */ = {isa = PBXBuildFile; fileRef = E9234B2B2966B468004D1874 /* Preview Assets.xcassets */; };
		E9234B362966B468004D1874 /* MaTeamTests.swift in Sources */ = {isa = PBXBuildFile; fileRef = E9234B352966B468004D1874 /* MaTeamTests.swift */; };
		E9234B402966B468004D1874 /* MaTeamUITests.swift in Sources */ = {isa = PBXBuildFile; fileRef = E9234B3F2966B468004D1874 /* MaTeamUITests.swift */; };
		E9234B422966B468004D1874 /* MaTeamUITestsLaunchTests.swift in Sources */ = {isa = PBXBuildFile; fileRef = E9234B412966B468004D1874 /* MaTeamUITestsLaunchTests.swift */; };
		E9507FF12966BC4C00C1FBA7 /* APIProvider.swift in Sources */ = {isa = PBXBuildFile; fileRef = E9507FF02966BC4C00C1FBA7 /* APIProvider.swift */; };
		E9507FF32966BE1200C1FBA7 /* Requester.swift in Sources */ = {isa = PBXBuildFile; fileRef = E9507FF22966BE1200C1FBA7 /* Requester.swift */; };
		E9507FF62966C0BB00C1FBA7 /* RequesterTests.swift in Sources */ = {isa = PBXBuildFile; fileRef = E9507FF52966C0BB00C1FBA7 /* RequesterTests.swift */; };
		E9507FF92966C0F900C1FBA7 /* MockURLProtocol.swift in Sources */ = {isa = PBXBuildFile; fileRef = E9507FF82966C0F900C1FBA7 /* MockURLProtocol.swift */; };
		E9507FFD2966C1E600C1FBA7 /* League.swift in Sources */ = {isa = PBXBuildFile; fileRef = E9507FFC2966C1E600C1FBA7 /* League.swift */; };
		E9507FFF2966C23E00C1FBA7 /* Endpoint.swift in Sources */ = {isa = PBXBuildFile; fileRef = E9507FFE2966C23E00C1FBA7 /* Endpoint.swift */; };
		E95080022966C51A00C1FBA7 /* Stubs.swift in Sources */ = {isa = PBXBuildFile; fileRef = E95080012966C51A00C1FBA7 /* Stubs.swift */; };
		E95080052966C82D00C1FBA7 /* Stubbeable.swift in Sources */ = {isa = PBXBuildFile; fileRef = E95080042966C82D00C1FBA7 /* Stubbeable.swift */; };
		E95080082966DADB00C1FBA7 /* LeagueRepository.swift in Sources */ = {isa = PBXBuildFile; fileRef = E95080072966DADB00C1FBA7 /* LeagueRepository.swift */; };
		E950800D2966E47E00C1FBA7 /* Team.swift in Sources */ = {isa = PBXBuildFile; fileRef = E950800C2966E47E00C1FBA7 /* Team.swift */; };
		E95080152966F3AF00C1FBA7 /* LeagueRepositoryTests.swift in Sources */ = {isa = PBXBuildFile; fileRef = E95080142966F3AF00C1FBA7 /* LeagueRepositoryTests.swift */; };
		E950801B2966FCF800C1FBA7 /* HomeViewController.swift in Sources */ = {isa = PBXBuildFile; fileRef = E950801A2966FCF800C1FBA7 /* HomeViewController.swift */; };
		E950801D2966FD2000C1FBA7 /* HomeViewModel.swift in Sources */ = {isa = PBXBuildFile; fileRef = E950801C2966FD2000C1FBA7 /* HomeViewModel.swift */; };
		E950802029670DC500C1FBA7 /* Inject in Frameworks */ = {isa = PBXBuildFile; productRef = E950801F29670DC500C1FBA7 /* Inject */; };
		E95080232967129B00C1FBA7 /* ViewModelFactory.swift in Sources */ = {isa = PBXBuildFile; fileRef = E95080222967129B00C1FBA7 /* ViewModelFactory.swift */; };
		E95080252967133800C1FBA7 /* HomeViewRepresentable.swift in Sources */ = {isa = PBXBuildFile; fileRef = E95080242967133800C1FBA7 /* HomeViewRepresentable.swift */; };
		E9508027296716A100C1FBA7 /* Appdelegate.swift in Sources */ = {isa = PBXBuildFile; fileRef = E9508026296716A100C1FBA7 /* Appdelegate.swift */; };
		E9508029296716BE00C1FBA7 /* SceneDelegate.swift in Sources */ = {isa = PBXBuildFile; fileRef = E9508028296716BE00C1FBA7 /* SceneDelegate.swift */; };
		E950802C29671CFE00C1FBA7 /* UIView+AutoLayout.swift in Sources */ = {isa = PBXBuildFile; fileRef = E950802B29671CFE00C1FBA7 /* UIView+AutoLayout.swift */; };
		E950802F296721F800C1FBA7 /* TeamCollectionViewCell.swift in Sources */ = {isa = PBXBuildFile; fileRef = E950802E296721F800C1FBA7 /* TeamCollectionViewCell.swift */; };
		E950803429674F5700C1FBA7 /* HomeViewModelTests.swift in Sources */ = {isa = PBXBuildFile; fileRef = E950803329674F5700C1FBA7 /* HomeViewModelTests.swift */; };
		E95080372967590300C1FBA7 /* MockHomeViewModel.swift in Sources */ = {isa = PBXBuildFile; fileRef = E95080362967590300C1FBA7 /* MockHomeViewModel.swift */; };
		E950803A29675A3100C1FBA7 /* MockLeagueRepository.swift in Sources */ = {isa = PBXBuildFile; fileRef = E950803929675A3100C1FBA7 /* MockLeagueRepository.swift */; };
/* End PBXBuildFile section */

/* Begin PBXContainerItemProxy section */
		E9234B322966B468004D1874 /* PBXContainerItemProxy */ = {
			isa = PBXContainerItemProxy;
			containerPortal = E9234B152966B466004D1874 /* Project object */;
			proxyType = 1;
			remoteGlobalIDString = E9234B1C2966B466004D1874;
			remoteInfo = MaTeam;
		};
		E9234B3C2966B468004D1874 /* PBXContainerItemProxy */ = {
			isa = PBXContainerItemProxy;
			containerPortal = E9234B152966B466004D1874 /* Project object */;
			proxyType = 1;
			remoteGlobalIDString = E9234B1C2966B466004D1874;
			remoteInfo = MaTeam;
		};
/* End PBXContainerItemProxy section */

/* Begin PBXFileReference section */
		E9234B1D2966B466004D1874 /* MaTeam.app */ = {isa = PBXFileReference; explicitFileType = wrapper.application; includeInIndex = 0; path = MaTeam.app; sourceTree = BUILT_PRODUCTS_DIR; };
		E9234B212966B466004D1874 /* MaTeamApp.swift */ = {isa = PBXFileReference; lastKnownFileType = sourcecode.swift; path = MaTeamApp.swift; sourceTree = "<group>"; };
		E9234B242966B466004D1874 /* ContentView.swift */ = {isa = PBXFileReference; lastKnownFileType = sourcecode.swift; path = ContentView.swift; sourceTree = "<group>"; };
		E9234B272966B468004D1874 /* Assets.xcassets */ = {isa = PBXFileReference; lastKnownFileType = folder.assetcatalog; path = Assets.xcassets; sourceTree = "<group>"; };
		E9234B292966B468004D1874 /* MaTeam.entitlements */ = {isa = PBXFileReference; lastKnownFileType = text.plist.entitlements; path = MaTeam.entitlements; sourceTree = "<group>"; };
		E9234B2B2966B468004D1874 /* Preview Assets.xcassets */ = {isa = PBXFileReference; lastKnownFileType = folder.assetcatalog; path = "Preview Assets.xcassets"; sourceTree = "<group>"; };
		E9234B312966B468004D1874 /* MaTeamTests.xctest */ = {isa = PBXFileReference; explicitFileType = wrapper.cfbundle; includeInIndex = 0; path = MaTeamTests.xctest; sourceTree = BUILT_PRODUCTS_DIR; };
		E9234B352966B468004D1874 /* MaTeamTests.swift */ = {isa = PBXFileReference; lastKnownFileType = sourcecode.swift; path = MaTeamTests.swift; sourceTree = "<group>"; };
		E9234B3B2966B468004D1874 /* MaTeamUITests.xctest */ = {isa = PBXFileReference; explicitFileType = wrapper.cfbundle; includeInIndex = 0; path = MaTeamUITests.xctest; sourceTree = BUILT_PRODUCTS_DIR; };
		E9234B3F2966B468004D1874 /* MaTeamUITests.swift */ = {isa = PBXFileReference; lastKnownFileType = sourcecode.swift; path = MaTeamUITests.swift; sourceTree = "<group>"; };
		E9234B412966B468004D1874 /* MaTeamUITestsLaunchTests.swift */ = {isa = PBXFileReference; lastKnownFileType = sourcecode.swift; path = MaTeamUITestsLaunchTests.swift; sourceTree = "<group>"; };
		E9507FF02966BC4C00C1FBA7 /* APIProvider.swift */ = {isa = PBXFileReference; lastKnownFileType = sourcecode.swift; path = APIProvider.swift; sourceTree = "<group>"; };
		E9507FF22966BE1200C1FBA7 /* Requester.swift */ = {isa = PBXFileReference; lastKnownFileType = sourcecode.swift; path = Requester.swift; sourceTree = "<group>"; };
		E9507FF52966C0BB00C1FBA7 /* RequesterTests.swift */ = {isa = PBXFileReference; lastKnownFileType = sourcecode.swift; path = RequesterTests.swift; sourceTree = "<group>"; };
		E9507FF82966C0F900C1FBA7 /* MockURLProtocol.swift */ = {isa = PBXFileReference; lastKnownFileType = sourcecode.swift; path = MockURLProtocol.swift; sourceTree = "<group>"; };
		E9507FFC2966C1E600C1FBA7 /* League.swift */ = {isa = PBXFileReference; lastKnownFileType = sourcecode.swift; path = League.swift; sourceTree = "<group>"; };
		E9507FFE2966C23E00C1FBA7 /* Endpoint.swift */ = {isa = PBXFileReference; lastKnownFileType = sourcecode.swift; path = Endpoint.swift; sourceTree = "<group>"; };
		E95080012966C51A00C1FBA7 /* Stubs.swift */ = {isa = PBXFileReference; lastKnownFileType = sourcecode.swift; path = Stubs.swift; sourceTree = "<group>"; };
		E95080042966C82D00C1FBA7 /* Stubbeable.swift */ = {isa = PBXFileReference; lastKnownFileType = sourcecode.swift; path = Stubbeable.swift; sourceTree = "<group>"; };
		E95080072966DADB00C1FBA7 /* LeagueRepository.swift */ = {isa = PBXFileReference; lastKnownFileType = sourcecode.swift; path = LeagueRepository.swift; sourceTree = "<group>"; };
		E950800C2966E47E00C1FBA7 /* Team.swift */ = {isa = PBXFileReference; lastKnownFileType = sourcecode.swift; path = Team.swift; sourceTree = "<group>"; };
		E95080102966F11800C1FBA7 /* Config.xcconfig */ = {isa = PBXFileReference; lastKnownFileType = text.xcconfig; path = Config.xcconfig; sourceTree = "<group>"; };
		E95080142966F3AF00C1FBA7 /* LeagueRepositoryTests.swift */ = {isa = PBXFileReference; lastKnownFileType = sourcecode.swift; path = LeagueRepositoryTests.swift; sourceTree = "<group>"; };
		E95080162966F6F200C1FBA7 /* Info.plist */ = {isa = PBXFileReference; lastKnownFileType = text.plist; path = Info.plist; sourceTree = "<group>"; };
		E950801A2966FCF800C1FBA7 /* HomeViewController.swift */ = {isa = PBXFileReference; lastKnownFileType = sourcecode.swift; path = HomeViewController.swift; sourceTree = "<group>"; };
		E950801C2966FD2000C1FBA7 /* HomeViewModel.swift */ = {isa = PBXFileReference; lastKnownFileType = sourcecode.swift; path = HomeViewModel.swift; sourceTree = "<group>"; };
		E95080222967129B00C1FBA7 /* ViewModelFactory.swift */ = {isa = PBXFileReference; lastKnownFileType = sourcecode.swift; path = ViewModelFactory.swift; sourceTree = "<group>"; };
		E95080242967133800C1FBA7 /* HomeViewRepresentable.swift */ = {isa = PBXFileReference; lastKnownFileType = sourcecode.swift; path = HomeViewRepresentable.swift; sourceTree = "<group>"; };
		E9508026296716A100C1FBA7 /* Appdelegate.swift */ = {isa = PBXFileReference; lastKnownFileType = sourcecode.swift; path = Appdelegate.swift; sourceTree = "<group>"; };
		E9508028296716BE00C1FBA7 /* SceneDelegate.swift */ = {isa = PBXFileReference; lastKnownFileType = sourcecode.swift; path = SceneDelegate.swift; sourceTree = "<group>"; };
		E950802B29671CFE00C1FBA7 /* UIView+AutoLayout.swift */ = {isa = PBXFileReference; lastKnownFileType = sourcecode.swift; path = "UIView+AutoLayout.swift"; sourceTree = "<group>"; };
		E950802E296721F800C1FBA7 /* TeamCollectionViewCell.swift */ = {isa = PBXFileReference; lastKnownFileType = sourcecode.swift; path = TeamCollectionViewCell.swift; sourceTree = "<group>"; };
		E950803329674F5700C1FBA7 /* HomeViewModelTests.swift */ = {isa = PBXFileReference; lastKnownFileType = sourcecode.swift; path = HomeViewModelTests.swift; sourceTree = "<group>"; };
		E95080362967590300C1FBA7 /* MockHomeViewModel.swift */ = {isa = PBXFileReference; lastKnownFileType = sourcecode.swift; path = MockHomeViewModel.swift; sourceTree = "<group>"; };
		E950803929675A3100C1FBA7 /* MockLeagueRepository.swift */ = {isa = PBXFileReference; lastKnownFileType = sourcecode.swift; path = MockLeagueRepository.swift; sourceTree = "<group>"; };
/* End PBXFileReference section */

/* Begin PBXFrameworksBuildPhase section */
		E9234B1A2966B466004D1874 /* Frameworks */ = {
			isa = PBXFrameworksBuildPhase;
			buildActionMask = 2147483647;
			files = (
				E950802029670DC500C1FBA7 /* Inject in Frameworks */,
			);
			runOnlyForDeploymentPostprocessing = 0;
		};
		E9234B2E2966B468004D1874 /* Frameworks */ = {
			isa = PBXFrameworksBuildPhase;
			buildActionMask = 2147483647;
			files = (
			);
			runOnlyForDeploymentPostprocessing = 0;
		};
		E9234B382966B468004D1874 /* Frameworks */ = {
			isa = PBXFrameworksBuildPhase;
			buildActionMask = 2147483647;
			files = (
			);
			runOnlyForDeploymentPostprocessing = 0;
		};
/* End PBXFrameworksBuildPhase section */

/* Begin PBXGroup section */
		E9234B142966B466004D1874 = {
			isa = PBXGroup;
			children = (
				E9234B1F2966B466004D1874 /* MaTeam */,
				E9234B342966B468004D1874 /* MaTeamTests */,
				E9234B3E2966B468004D1874 /* MaTeamUITests */,
				E9234B1E2966B466004D1874 /* Products */,
			);
			sourceTree = "<group>";
		};
		E9234B1E2966B466004D1874 /* Products */ = {
			isa = PBXGroup;
			children = (
				E9234B1D2966B466004D1874 /* MaTeam.app */,
				E9234B312966B468004D1874 /* MaTeamTests.xctest */,
				E9234B3B2966B468004D1874 /* MaTeamUITests.xctest */,
			);
			name = Products;
			sourceTree = "<group>";
		};
		E9234B1F2966B466004D1874 /* MaTeam */ = {
			isa = PBXGroup;
			children = (
				E95080162966F6F200C1FBA7 /* Info.plist */,
				E9234B292966B468004D1874 /* MaTeam.entitlements */,
				E95080062966DAB900C1FBA7 /* Domain */,
				E9507FFA2966C18C00C1FBA7 /* Data */,
				E9507FEF2966BC1900C1FBA7 /* Network */,
				E9234B202966B466004D1874 /* Application */,
				E9234B232966B466004D1874 /* Presentation */,
				E9234B262966B468004D1874 /* Resources */,
				E9234B2A2966B468004D1874 /* Preview Content */,
			);
			path = MaTeam;
			sourceTree = "<group>";
		};
		E9234B202966B466004D1874 /* Application */ = {
			isa = PBXGroup;
			children = (
				E95080212967128F00C1FBA7 /* Factory */,
				E9234B212966B466004D1874 /* MaTeamApp.swift */,
				E9508026296716A100C1FBA7 /* Appdelegate.swift */,
				E9508028296716BE00C1FBA7 /* SceneDelegate.swift */,
			);
			path = Application;
			sourceTree = "<group>";
		};
		E9234B232966B466004D1874 /* Presentation */ = {
			isa = PBXGroup;
			children = (
				E950802A29671CEA00C1FBA7 /* Shared */,
				E95080172966FBB600C1FBA7 /* Home */,
				E9234B242966B466004D1874 /* ContentView.swift */,
			);
			path = Presentation;
			sourceTree = "<group>";
		};
		E9234B262966B468004D1874 /* Resources */ = {
			isa = PBXGroup;
			children = (
				E9234B272966B468004D1874 /* Assets.xcassets */,
				E95080102966F11800C1FBA7 /* Config.xcconfig */,
			);
			path = Resources;
			sourceTree = "<group>";
		};
		E9234B2A2966B468004D1874 /* Preview Content */ = {
			isa = PBXGroup;
			children = (
				E9234B2B2966B468004D1874 /* Preview Assets.xcassets */,
			);
			path = "Preview Content";
			sourceTree = "<group>";
		};
		E9234B342966B468004D1874 /* MaTeamTests */ = {
			isa = PBXGroup;
			children = (
				E950803029674F3500C1FBA7 /* Presentation */,
				E95080112966F38A00C1FBA7 /* DomaineLayerTests */,
				E9507FF42966C04000C1FBA7 /* NetworkLayerTests */,
				E9234B352966B468004D1874 /* MaTeamTests.swift */,
			);
			path = MaTeamTests;
			sourceTree = "<group>";
		};
		E9234B3E2966B468004D1874 /* MaTeamUITests */ = {
			isa = PBXGroup;
			children = (
				E9234B3F2966B468004D1874 /* MaTeamUITests.swift */,
				E9234B412966B468004D1874 /* MaTeamUITestsLaunchTests.swift */,
			);
			path = MaTeamUITests;
			sourceTree = "<group>";
		};
		E9507FEF2966BC1900C1FBA7 /* Network */ = {
			isa = PBXGroup;
			children = (
				E9507FF02966BC4C00C1FBA7 /* APIProvider.swift */,
				E9507FF22966BE1200C1FBA7 /* Requester.swift */,
				E9507FFE2966C23E00C1FBA7 /* Endpoint.swift */,
			);
			path = Network;
			sourceTree = "<group>";
		};
		E9507FF42966C04000C1FBA7 /* NetworkLayerTests */ = {
			isa = PBXGroup;
			children = (
				E95080002966C50200C1FBA7 /* Stubs */,
				E9507FF72966C0E700C1FBA7 /* Mocks */,
				E9507FF52966C0BB00C1FBA7 /* RequesterTests.swift */,
			);
			path = NetworkLayerTests;
			sourceTree = "<group>";
		};
		E9507FF72966C0E700C1FBA7 /* Mocks */ = {
			isa = PBXGroup;
			children = (
				E9507FF82966C0F900C1FBA7 /* MockURLProtocol.swift */,
			);
			path = Mocks;
			sourceTree = "<group>";
		};
		E9507FFA2966C18C00C1FBA7 /* Data */ = {
			isa = PBXGroup;
			children = (
				E95080032966C7EE00C1FBA7 /* Shared */,
				E9507FFB2966C1A500C1FBA7 /* Models */,
			);
			path = Data;
			sourceTree = "<group>";
		};
		E9507FFB2966C1A500C1FBA7 /* Models */ = {
			isa = PBXGroup;
			children = (
				E9507FFC2966C1E600C1FBA7 /* League.swift */,
				E950800C2966E47E00C1FBA7 /* Team.swift */,
			);
			path = Models;
			sourceTree = "<group>";
		};
		E95080002966C50200C1FBA7 /* Stubs */ = {
			isa = PBXGroup;
			children = (
				E95080012966C51A00C1FBA7 /* Stubs.swift */,
			);
			path = Stubs;
			sourceTree = "<group>";
		};
		E95080032966C7EE00C1FBA7 /* Shared */ = {
			isa = PBXGroup;
			children = (
				E95080042966C82D00C1FBA7 /* Stubbeable.swift */,
			);
			path = Shared;
			sourceTree = "<group>";
		};
		E95080062966DAB900C1FBA7 /* Domain */ = {
			isa = PBXGroup;
			children = (
				E95080092966DFD000C1FBA7 /* Shared */,
				E95080072966DADB00C1FBA7 /* LeagueRepository.swift */,
			);
			path = Domain;
			sourceTree = "<group>";
		};
		E95080092966DFD000C1FBA7 /* Shared */ = {
			isa = PBXGroup;
			children = (
			);
			path = Shared;
			sourceTree = "<group>";
		};
		E95080112966F38A00C1FBA7 /* DomaineLayerTests */ = {
			isa = PBXGroup;
			children = (
				E95080142966F3AF00C1FBA7 /* LeagueRepositoryTests.swift */,
			);
			path = DomaineLayerTests;
			sourceTree = "<group>";
		};
		E95080172966FBB600C1FBA7 /* Home */ = {
			isa = PBXGroup;
			children = (
				E950802D296721DD00C1FBA7 /* Components */,
				E95080192966FCD000C1FBA7 /* ViewModel */,
				E95080182966FCCD00C1FBA7 /* View */,
			);
			path = Home;
			sourceTree = "<group>";
		};
		E95080182966FCCD00C1FBA7 /* View */ = {
			isa = PBXGroup;
			children = (
				E950801A2966FCF800C1FBA7 /* HomeViewController.swift */,
				E95080242967133800C1FBA7 /* HomeViewRepresentable.swift */,
			);
			path = View;
			sourceTree = "<group>";
		};
		E95080192966FCD000C1FBA7 /* ViewModel */ = {
			isa = PBXGroup;
			children = (
				E950801C2966FD2000C1FBA7 /* HomeViewModel.swift */,
			);
			path = ViewModel;
			sourceTree = "<group>";
		};
		E95080212967128F00C1FBA7 /* Factory */ = {
			isa = PBXGroup;
			children = (
				E95080222967129B00C1FBA7 /* ViewModelFactory.swift */,
			);
			path = Factory;
			sourceTree = "<group>";
		};
		E950802A29671CEA00C1FBA7 /* Shared */ = {
			isa = PBXGroup;
			children = (
				E950802B29671CFE00C1FBA7 /* UIView+AutoLayout.swift */,
			);
			path = Shared;
			sourceTree = "<group>";
		};
		E950802D296721DD00C1FBA7 /* Components */ = {
			isa = PBXGroup;
			children = (
				E950802E296721F800C1FBA7 /* TeamCollectionViewCell.swift */,
			);
			path = Components;
			sourceTree = "<group>";
		};
		E950803029674F3500C1FBA7 /* Presentation */ = {
			isa = PBXGroup;
			children = (
				E950803129674F3B00C1FBA7 /* HomeTests */,
			);
			path = Presentation;
			sourceTree = "<group>";
		};
		E950803129674F3B00C1FBA7 /* HomeTests */ = {
			isa = PBXGroup;
			children = (
				E9508035296758F500C1FBA7 /* Mocks */,
				E950803229674F4500C1FBA7 /* ViewModels */,
			);
			path = HomeTests;
			sourceTree = "<group>";
		};
		E950803229674F4500C1FBA7 /* ViewModels */ = {
			isa = PBXGroup;
			children = (
				E950803329674F5700C1FBA7 /* HomeViewModelTests.swift */,
			);
			path = ViewModels;
			sourceTree = "<group>";
		};
		E9508035296758F500C1FBA7 /* Mocks */ = {
			isa = PBXGroup;
			children = (
				E95080362967590300C1FBA7 /* MockHomeViewModel.swift */,
				E950803929675A3100C1FBA7 /* MockLeagueRepository.swift */,
			);
			path = Mocks;
			sourceTree = "<group>";
		};
/* End PBXGroup section */

/* Begin PBXNativeTarget section */
		E9234B1C2966B466004D1874 /* MaTeam */ = {
			isa = PBXNativeTarget;
			buildConfigurationList = E9234B452966B468004D1874 /* Build configuration list for PBXNativeTarget "MaTeam" */;
			buildPhases = (
				E9234B192966B466004D1874 /* Sources */,
				E9234B1A2966B466004D1874 /* Frameworks */,
				E9234B1B2966B466004D1874 /* Resources */,
				E9234B4E2966BB21004D1874 /* ShellScript */,
			);
			buildRules = (
			);
			dependencies = (
			);
			name = MaTeam;
			packageProductDependencies = (
				E950801F29670DC500C1FBA7 /* Inject */,
			);
			productName = MaTeam;
			productReference = E9234B1D2966B466004D1874 /* MaTeam.app */;
			productType = "com.apple.product-type.application";
		};
		E9234B302966B468004D1874 /* MaTeamTests */ = {
			isa = PBXNativeTarget;
			buildConfigurationList = E9234B482966B468004D1874 /* Build configuration list for PBXNativeTarget "MaTeamTests" */;
			buildPhases = (
				E9234B2D2966B468004D1874 /* Sources */,
				E9234B2E2966B468004D1874 /* Frameworks */,
				E9234B2F2966B468004D1874 /* Resources */,
			);
			buildRules = (
			);
			dependencies = (
				E9234B332966B468004D1874 /* PBXTargetDependency */,
			);
			name = MaTeamTests;
			productName = MaTeamTests;
			productReference = E9234B312966B468004D1874 /* MaTeamTests.xctest */;
			productType = "com.apple.product-type.bundle.unit-test";
		};
		E9234B3A2966B468004D1874 /* MaTeamUITests */ = {
			isa = PBXNativeTarget;
			buildConfigurationList = E9234B4B2966B468004D1874 /* Build configuration list for PBXNativeTarget "MaTeamUITests" */;
			buildPhases = (
				E9234B372966B468004D1874 /* Sources */,
				E9234B382966B468004D1874 /* Frameworks */,
				E9234B392966B468004D1874 /* Resources */,
			);
			buildRules = (
			);
			dependencies = (
				E9234B3D2966B468004D1874 /* PBXTargetDependency */,
			);
			name = MaTeamUITests;
			productName = MaTeamUITests;
			productReference = E9234B3B2966B468004D1874 /* MaTeamUITests.xctest */;
			productType = "com.apple.product-type.bundle.ui-testing";
		};
/* End PBXNativeTarget section */

/* Begin PBXProject section */
		E9234B152966B466004D1874 /* Project object */ = {
			isa = PBXProject;
			attributes = {
				BuildIndependentTargetsInParallel = 1;
				LastSwiftUpdateCheck = 1420;
				LastUpgradeCheck = 1420;
				TargetAttributes = {
					E9234B1C2966B466004D1874 = {
						CreatedOnToolsVersion = 14.2;
					};
					E9234B302966B468004D1874 = {
						CreatedOnToolsVersion = 14.2;
						TestTargetID = E9234B1C2966B466004D1874;
					};
					E9234B3A2966B468004D1874 = {
						CreatedOnToolsVersion = 14.2;
						TestTargetID = E9234B1C2966B466004D1874;
					};
				};
			};
			buildConfigurationList = E9234B182966B466004D1874 /* Build configuration list for PBXProject "MaTeam" */;
			compatibilityVersion = "Xcode 14.0";
			developmentRegion = en;
			hasScannedForEncodings = 0;
			knownRegions = (
				en,
				Base,
			);
			mainGroup = E9234B142966B466004D1874;
			packageReferences = (
				E950801E29670DC500C1FBA7 /* XCRemoteSwiftPackageReference "Inject" */,
			);
			productRefGroup = E9234B1E2966B466004D1874 /* Products */;
			projectDirPath = "";
			projectRoot = "";
			targets = (
				E9234B1C2966B466004D1874 /* MaTeam */,
				E9234B302966B468004D1874 /* MaTeamTests */,
				E9234B3A2966B468004D1874 /* MaTeamUITests */,
			);
		};
/* End PBXProject section */

/* Begin PBXResourcesBuildPhase section */
		E9234B1B2966B466004D1874 /* Resources */ = {
			isa = PBXResourcesBuildPhase;
			buildActionMask = 2147483647;
			files = (
				E9234B2C2966B468004D1874 /* Preview Assets.xcassets in Resources */,
				E9234B282966B468004D1874 /* Assets.xcassets in Resources */,
			);
			runOnlyForDeploymentPostprocessing = 0;
		};
		E9234B2F2966B468004D1874 /* Resources */ = {
			isa = PBXResourcesBuildPhase;
			buildActionMask = 2147483647;
			files = (
			);
			runOnlyForDeploymentPostprocessing = 0;
		};
		E9234B392966B468004D1874 /* Resources */ = {
			isa = PBXResourcesBuildPhase;
			buildActionMask = 2147483647;
			files = (
			);
			runOnlyForDeploymentPostprocessing = 0;
		};
/* End PBXResourcesBuildPhase section */

/* Begin PBXShellScriptBuildPhase section */
		E9234B4E2966BB21004D1874 /* ShellScript */ = {
			isa = PBXShellScriptBuildPhase;
			buildActionMask = 12;
			files = (
			);
			inputFileListPaths = (
			);
			inputPaths = (
			);
			outputFileListPaths = (
			);
			outputPaths = (
			);
			runOnlyForDeploymentPostprocessing = 0;
			shellPath = /bin/sh;
			shellScript = "# Type a script or drag a script file from your workspace to insert its path.\n\nif which swiftlint > /dev/null; then\n  swiftlint\nelse\n  echo \"warning: SwiftLint not installed, download from https://github.com/realm/SwiftLint\"\nfi\n";
		};
/* End PBXShellScriptBuildPhase section */

/* Begin PBXSourcesBuildPhase section */
		E9234B192966B466004D1874 /* Sources */ = {
			isa = PBXSourcesBuildPhase;
			buildActionMask = 2147483647;
			files = (
				E950802F296721F800C1FBA7 /* TeamCollectionViewCell.swift in Sources */,
				E9234B252966B466004D1874 /* ContentView.swift in Sources */,
				E950801D2966FD2000C1FBA7 /* HomeViewModel.swift in Sources */,
				E9508027296716A100C1FBA7 /* Appdelegate.swift in Sources */,
				E9234B222966B466004D1874 /* MaTeamApp.swift in Sources */,
				E9507FF32966BE1200C1FBA7 /* Requester.swift in Sources */,
				E9508029296716BE00C1FBA7 /* SceneDelegate.swift in Sources */,
				E95080052966C82D00C1FBA7 /* Stubbeable.swift in Sources */,
				E95080082966DADB00C1FBA7 /* LeagueRepository.swift in Sources */,
				E950801B2966FCF800C1FBA7 /* HomeViewController.swift in Sources */,
				E9507FFD2966C1E600C1FBA7 /* League.swift in Sources */,
				E9507FFF2966C23E00C1FBA7 /* Endpoint.swift in Sources */,
				E95080232967129B00C1FBA7 /* ViewModelFactory.swift in Sources */,
				E950800D2966E47E00C1FBA7 /* Team.swift in Sources */,
				E950802C29671CFE00C1FBA7 /* UIView+AutoLayout.swift in Sources */,
				E9507FF12966BC4C00C1FBA7 /* APIProvider.swift in Sources */,
				E95080252967133800C1FBA7 /* HomeViewRepresentable.swift in Sources */,
			);
			runOnlyForDeploymentPostprocessing = 0;
		};
		E9234B2D2966B468004D1874 /* Sources */ = {
			isa = PBXSourcesBuildPhase;
			buildActionMask = 2147483647;
			files = (
				E95080372967590300C1FBA7 /* MockHomeViewModel.swift in Sources */,
				E9507FF92966C0F900C1FBA7 /* MockURLProtocol.swift in Sources */,
				E950803A29675A3100C1FBA7 /* MockLeagueRepository.swift in Sources */,
				E9507FF62966C0BB00C1FBA7 /* RequesterTests.swift in Sources */,
				E9234B362966B468004D1874 /* MaTeamTests.swift in Sources */,
				E95080022966C51A00C1FBA7 /* Stubs.swift in Sources */,
				E95080152966F3AF00C1FBA7 /* LeagueRepositoryTests.swift in Sources */,
				E950803429674F5700C1FBA7 /* HomeViewModelTests.swift in Sources */,
			);
			runOnlyForDeploymentPostprocessing = 0;
		};
		E9234B372966B468004D1874 /* Sources */ = {
			isa = PBXSourcesBuildPhase;
			buildActionMask = 2147483647;
			files = (
				E9234B402966B468004D1874 /* MaTeamUITests.swift in Sources */,
				E9234B422966B468004D1874 /* MaTeamUITestsLaunchTests.swift in Sources */,
			);
			runOnlyForDeploymentPostprocessing = 0;
		};
/* End PBXSourcesBuildPhase section */

/* Begin PBXTargetDependency section */
		E9234B332966B468004D1874 /* PBXTargetDependency */ = {
			isa = PBXTargetDependency;
			target = E9234B1C2966B466004D1874 /* MaTeam */;
			targetProxy = E9234B322966B468004D1874 /* PBXContainerItemProxy */;
		};
		E9234B3D2966B468004D1874 /* PBXTargetDependency */ = {
			isa = PBXTargetDependency;
			target = E9234B1C2966B466004D1874 /* MaTeam */;
			targetProxy = E9234B3C2966B468004D1874 /* PBXContainerItemProxy */;
		};
/* End PBXTargetDependency section */

/* Begin XCBuildConfiguration section */
		E9234B432966B468004D1874 /* Debug */ = {
			isa = XCBuildConfiguration;
			baseConfigurationReference = E95080102966F11800C1FBA7 /* Config.xcconfig */;
			buildSettings = {
				ALWAYS_SEARCH_USER_PATHS = NO;
				CLANG_ANALYZER_NONNULL = YES;
				CLANG_ANALYZER_NUMBER_OBJECT_CONVERSION = YES_AGGRESSIVE;
				CLANG_CXX_LANGUAGE_STANDARD = "gnu++20";
				CLANG_ENABLE_MODULES = YES;
				CLANG_ENABLE_OBJC_ARC = YES;
				CLANG_ENABLE_OBJC_WEAK = YES;
				CLANG_WARN_BLOCK_CAPTURE_AUTORELEASING = YES;
				CLANG_WARN_BOOL_CONVERSION = YES;
				CLANG_WARN_COMMA = YES;
				CLANG_WARN_CONSTANT_CONVERSION = YES;
				CLANG_WARN_DEPRECATED_OBJC_IMPLEMENTATIONS = YES;
				CLANG_WARN_DIRECT_OBJC_ISA_USAGE = YES_ERROR;
				CLANG_WARN_DOCUMENTATION_COMMENTS = YES;
				CLANG_WARN_EMPTY_BODY = YES;
				CLANG_WARN_ENUM_CONVERSION = YES;
				CLANG_WARN_INFINITE_RECURSION = YES;
				CLANG_WARN_INT_CONVERSION = YES;
				CLANG_WARN_NON_LITERAL_NULL_CONVERSION = YES;
				CLANG_WARN_OBJC_IMPLICIT_RETAIN_SELF = YES;
				CLANG_WARN_OBJC_LITERAL_CONVERSION = YES;
				CLANG_WARN_OBJC_ROOT_CLASS = YES_ERROR;
				CLANG_WARN_QUOTED_INCLUDE_IN_FRAMEWORK_HEADER = YES;
				CLANG_WARN_RANGE_LOOP_ANALYSIS = YES;
				CLANG_WARN_STRICT_PROTOTYPES = YES;
				CLANG_WARN_SUSPICIOUS_MOVE = YES;
				CLANG_WARN_UNGUARDED_AVAILABILITY = YES_AGGRESSIVE;
				CLANG_WARN_UNREACHABLE_CODE = YES;
				CLANG_WARN__DUPLICATE_METHOD_MATCH = YES;
				COPY_PHASE_STRIP = NO;
				DEBUG_INFORMATION_FORMAT = dwarf;
				ENABLE_STRICT_OBJC_MSGSEND = YES;
				ENABLE_TESTABILITY = YES;
				GCC_C_LANGUAGE_STANDARD = gnu11;
				GCC_DYNAMIC_NO_PIC = NO;
				GCC_NO_COMMON_BLOCKS = YES;
				GCC_OPTIMIZATION_LEVEL = 0;
				GCC_PREPROCESSOR_DEFINITIONS = (
					"DEBUG=1",
					"$(inherited)",
				);
				GCC_WARN_64_TO_32_BIT_CONVERSION = YES;
				GCC_WARN_ABOUT_RETURN_TYPE = YES_ERROR;
				GCC_WARN_UNDECLARED_SELECTOR = YES;
				GCC_WARN_UNINITIALIZED_AUTOS = YES_AGGRESSIVE;
				GCC_WARN_UNUSED_FUNCTION = YES;
				GCC_WARN_UNUSED_VARIABLE = YES;
				MTL_ENABLE_DEBUG_INFO = INCLUDE_SOURCE;
				MTL_FAST_MATH = YES;
				ONLY_ACTIVE_ARCH = YES;
				SWIFT_ACTIVE_COMPILATION_CONDITIONS = DEBUG;
				SWIFT_OPTIMIZATION_LEVEL = "-Onone";
			};
			name = Debug;
		};
		E9234B442966B468004D1874 /* Release */ = {
			isa = XCBuildConfiguration;
			baseConfigurationReference = E95080102966F11800C1FBA7 /* Config.xcconfig */;
			buildSettings = {
				ALWAYS_SEARCH_USER_PATHS = NO;
				CLANG_ANALYZER_NONNULL = YES;
				CLANG_ANALYZER_NUMBER_OBJECT_CONVERSION = YES_AGGRESSIVE;
				CLANG_CXX_LANGUAGE_STANDARD = "gnu++20";
				CLANG_ENABLE_MODULES = YES;
				CLANG_ENABLE_OBJC_ARC = YES;
				CLANG_ENABLE_OBJC_WEAK = YES;
				CLANG_WARN_BLOCK_CAPTURE_AUTORELEASING = YES;
				CLANG_WARN_BOOL_CONVERSION = YES;
				CLANG_WARN_COMMA = YES;
				CLANG_WARN_CONSTANT_CONVERSION = YES;
				CLANG_WARN_DEPRECATED_OBJC_IMPLEMENTATIONS = YES;
				CLANG_WARN_DIRECT_OBJC_ISA_USAGE = YES_ERROR;
				CLANG_WARN_DOCUMENTATION_COMMENTS = YES;
				CLANG_WARN_EMPTY_BODY = YES;
				CLANG_WARN_ENUM_CONVERSION = YES;
				CLANG_WARN_INFINITE_RECURSION = YES;
				CLANG_WARN_INT_CONVERSION = YES;
				CLANG_WARN_NON_LITERAL_NULL_CONVERSION = YES;
				CLANG_WARN_OBJC_IMPLICIT_RETAIN_SELF = YES;
				CLANG_WARN_OBJC_LITERAL_CONVERSION = YES;
				CLANG_WARN_OBJC_ROOT_CLASS = YES_ERROR;
				CLANG_WARN_QUOTED_INCLUDE_IN_FRAMEWORK_HEADER = YES;
				CLANG_WARN_RANGE_LOOP_ANALYSIS = YES;
				CLANG_WARN_STRICT_PROTOTYPES = YES;
				CLANG_WARN_SUSPICIOUS_MOVE = YES;
				CLANG_WARN_UNGUARDED_AVAILABILITY = YES_AGGRESSIVE;
				CLANG_WARN_UNREACHABLE_CODE = YES;
				CLANG_WARN__DUPLICATE_METHOD_MATCH = YES;
				COPY_PHASE_STRIP = NO;
				DEBUG_INFORMATION_FORMAT = "dwarf-with-dsym";
				ENABLE_NS_ASSERTIONS = NO;
				ENABLE_STRICT_OBJC_MSGSEND = YES;
				GCC_C_LANGUAGE_STANDARD = gnu11;
				GCC_NO_COMMON_BLOCKS = YES;
				GCC_WARN_64_TO_32_BIT_CONVERSION = YES;
				GCC_WARN_ABOUT_RETURN_TYPE = YES_ERROR;
				GCC_WARN_UNDECLARED_SELECTOR = YES;
				GCC_WARN_UNINITIALIZED_AUTOS = YES_AGGRESSIVE;
				GCC_WARN_UNUSED_FUNCTION = YES;
				GCC_WARN_UNUSED_VARIABLE = YES;
				MTL_ENABLE_DEBUG_INFO = NO;
				MTL_FAST_MATH = YES;
				SWIFT_COMPILATION_MODE = wholemodule;
				SWIFT_OPTIMIZATION_LEVEL = "-O";
			};
			name = Release;
		};
		E9234B462966B468004D1874 /* Debug */ = {
			isa = XCBuildConfiguration;
			baseConfigurationReference = E95080102966F11800C1FBA7 /* Config.xcconfig */;
			buildSettings = {
				ASSETCATALOG_COMPILER_APPICON_NAME = AppIcon;
				ASSETCATALOG_COMPILER_GLOBAL_ACCENT_COLOR_NAME = AccentColor;
				CODE_SIGN_ENTITLEMENTS = MaTeam/MaTeam.entitlements;
				CODE_SIGN_STYLE = Automatic;
				CURRENT_PROJECT_VERSION = 1;
				DEVELOPMENT_ASSET_PATHS = "\"MaTeam/Preview Content\"";
				DEVELOPMENT_TEAM = 75K654T5D3;
				ENABLE_HARDENED_RUNTIME = YES;
				ENABLE_PREVIEWS = YES;
				GENERATE_INFOPLIST_FILE = YES;
				INFOPLIST_FILE = MaTeam/Info.plist;
				"INFOPLIST_KEY_UIApplicationSceneManifest_Generation[sdk=iphoneos*]" = NO;
				"INFOPLIST_KEY_UIApplicationSceneManifest_Generation[sdk=iphonesimulator*]" = NO;
				"INFOPLIST_KEY_UIApplicationSupportsIndirectInputEvents[sdk=iphoneos*]" = YES;
				"INFOPLIST_KEY_UIApplicationSupportsIndirectInputEvents[sdk=iphonesimulator*]" = YES;
				"INFOPLIST_KEY_UILaunchScreen_Generation[sdk=iphoneos*]" = YES;
				"INFOPLIST_KEY_UILaunchScreen_Generation[sdk=iphonesimulator*]" = YES;
				"INFOPLIST_KEY_UIStatusBarStyle[sdk=iphoneos*]" = UIStatusBarStyleDefault;
				"INFOPLIST_KEY_UIStatusBarStyle[sdk=iphonesimulator*]" = UIStatusBarStyleDefault;
				INFOPLIST_KEY_UISupportedInterfaceOrientations_iPad = "UIInterfaceOrientationPortrait UIInterfaceOrientationPortraitUpsideDown UIInterfaceOrientationLandscapeLeft UIInterfaceOrientationLandscapeRight";
				INFOPLIST_KEY_UISupportedInterfaceOrientations_iPhone = "UIInterfaceOrientationPortrait UIInterfaceOrientationLandscapeLeft UIInterfaceOrientationLandscapeRight";
				IPHONEOS_DEPLOYMENT_TARGET = 16.2;
				LD_RUNPATH_SEARCH_PATHS = "@executable_path/Frameworks";
				"LD_RUNPATH_SEARCH_PATHS[sdk=macosx*]" = "@executable_path/../Frameworks";
				MACOSX_DEPLOYMENT_TARGET = 13.1;
				MARKETING_VERSION = 1.0;
				PRODUCT_BUNDLE_IDENTIFIER = com.homework.MaTeam;
				PRODUCT_NAME = "$(TARGET_NAME)";
				SDKROOT = auto;
				SUPPORTED_PLATFORMS = "iphoneos iphonesimulator macosx";
				SWIFT_EMIT_LOC_STRINGS = YES;
				SWIFT_VERSION = 5.0;
				TARGETED_DEVICE_FAMILY = "1,2";
			};
			name = Debug;
		};
		E9234B472966B468004D1874 /* Release */ = {
			isa = XCBuildConfiguration;
			baseConfigurationReference = E95080102966F11800C1FBA7 /* Config.xcconfig */;
			buildSettings = {
				ASSETCATALOG_COMPILER_APPICON_NAME = AppIcon;
				ASSETCATALOG_COMPILER_GLOBAL_ACCENT_COLOR_NAME = AccentColor;
				CODE_SIGN_ENTITLEMENTS = MaTeam/MaTeam.entitlements;
				CODE_SIGN_STYLE = Automatic;
				CURRENT_PROJECT_VERSION = 1;
				DEVELOPMENT_ASSET_PATHS = "\"MaTeam/Preview Content\"";
				DEVELOPMENT_TEAM = 75K654T5D3;
				ENABLE_HARDENED_RUNTIME = YES;
				ENABLE_PREVIEWS = YES;
				GENERATE_INFOPLIST_FILE = YES;
				INFOPLIST_FILE = MaTeam/Info.plist;
				"INFOPLIST_KEY_UIApplicationSceneManifest_Generation[sdk=iphoneos*]" = YES;
				"INFOPLIST_KEY_UIApplicationSceneManifest_Generation[sdk=iphonesimulator*]" = YES;
				"INFOPLIST_KEY_UIApplicationSupportsIndirectInputEvents[sdk=iphoneos*]" = YES;
				"INFOPLIST_KEY_UIApplicationSupportsIndirectInputEvents[sdk=iphonesimulator*]" = YES;
				"INFOPLIST_KEY_UILaunchScreen_Generation[sdk=iphoneos*]" = YES;
				"INFOPLIST_KEY_UILaunchScreen_Generation[sdk=iphonesimulator*]" = YES;
				"INFOPLIST_KEY_UIStatusBarStyle[sdk=iphoneos*]" = UIStatusBarStyleDefault;
				"INFOPLIST_KEY_UIStatusBarStyle[sdk=iphonesimulator*]" = UIStatusBarStyleDefault;
				INFOPLIST_KEY_UISupportedInterfaceOrientations_iPad = "UIInterfaceOrientationPortrait UIInterfaceOrientationPortraitUpsideDown UIInterfaceOrientationLandscapeLeft UIInterfaceOrientationLandscapeRight";
				INFOPLIST_KEY_UISupportedInterfaceOrientations_iPhone = "UIInterfaceOrientationPortrait UIInterfaceOrientationLandscapeLeft UIInterfaceOrientationLandscapeRight";
				IPHONEOS_DEPLOYMENT_TARGET = 16.2;
				LD_RUNPATH_SEARCH_PATHS = "@executable_path/Frameworks";
				"LD_RUNPATH_SEARCH_PATHS[sdk=macosx*]" = "@executable_path/../Frameworks";
				MACOSX_DEPLOYMENT_TARGET = 13.1;
				MARKETING_VERSION = 1.0;
				PRODUCT_BUNDLE_IDENTIFIER = com.homework.MaTeam;
				PRODUCT_NAME = "$(TARGET_NAME)";
				SDKROOT = auto;
				SUPPORTED_PLATFORMS = "iphoneos iphonesimulator macosx";
				SWIFT_EMIT_LOC_STRINGS = YES;
				SWIFT_VERSION = 5.0;
				TARGETED_DEVICE_FAMILY = "1,2";
			};
			name = Release;
		};
		E9234B492966B468004D1874 /* Debug */ = {
			isa = XCBuildConfiguration;
			baseConfigurationReference = E95080102966F11800C1FBA7 /* Config.xcconfig */;
			buildSettings = {
				ALWAYS_EMBED_SWIFT_STANDARD_LIBRARIES = YES;
				BUNDLE_LOADER = "$(TEST_HOST)";
				CODE_SIGN_STYLE = Automatic;
				CURRENT_PROJECT_VERSION = 1;
				DEVELOPMENT_TEAM = 75K654T5D3;
				GENERATE_INFOPLIST_FILE = YES;
				IPHONEOS_DEPLOYMENT_TARGET = 16.2;
				MACOSX_DEPLOYMENT_TARGET = 13.1;
				MARKETING_VERSION = 1.0;
				PRODUCT_BUNDLE_IDENTIFIER = com.homework.MaTeamTests;
				PRODUCT_NAME = "$(TARGET_NAME)";
				SDKROOT = auto;
				SUPPORTED_PLATFORMS = "iphoneos iphonesimulator macosx";
				SWIFT_EMIT_LOC_STRINGS = NO;
				SWIFT_VERSION = 5.0;
				TARGETED_DEVICE_FAMILY = "1,2";
				TEST_HOST = "$(BUILT_PRODUCTS_DIR)/MaTeam.app/$(BUNDLE_EXECUTABLE_FOLDER_PATH)/MaTeam";
			};
			name = Debug;
		};
		E9234B4A2966B468004D1874 /* Release */ = {
			isa = XCBuildConfiguration;
			baseConfigurationReference = E95080102966F11800C1FBA7 /* Config.xcconfig */;
			buildSettings = {
				ALWAYS_EMBED_SWIFT_STANDARD_LIBRARIES = YES;
				BUNDLE_LOADER = "$(TEST_HOST)";
				CODE_SIGN_STYLE = Automatic;
				CURRENT_PROJECT_VERSION = 1;
				DEVELOPMENT_TEAM = 75K654T5D3;
				GENERATE_INFOPLIST_FILE = YES;
				IPHONEOS_DEPLOYMENT_TARGET = 16.2;
				MACOSX_DEPLOYMENT_TARGET = 13.1;
				MARKETING_VERSION = 1.0;
				PRODUCT_BUNDLE_IDENTIFIER = com.homework.MaTeamTests;
				PRODUCT_NAME = "$(TARGET_NAME)";
				SDKROOT = auto;
				SUPPORTED_PLATFORMS = "iphoneos iphonesimulator macosx";
				SWIFT_EMIT_LOC_STRINGS = NO;
				SWIFT_VERSION = 5.0;
				TARGETED_DEVICE_FAMILY = "1,2";
				TEST_HOST = "$(BUILT_PRODUCTS_DIR)/MaTeam.app/$(BUNDLE_EXECUTABLE_FOLDER_PATH)/MaTeam";
			};
			name = Release;
		};
		E9234B4C2966B468004D1874 /* Debug */ = {
			isa = XCBuildConfiguration;
			baseConfigurationReference = E95080102966F11800C1FBA7 /* Config.xcconfig */;
			buildSettings = {
				ALWAYS_EMBED_SWIFT_STANDARD_LIBRARIES = YES;
				CODE_SIGN_STYLE = Automatic;
				CURRENT_PROJECT_VERSION = 1;
				DEVELOPMENT_TEAM = 75K654T5D3;
				GENERATE_INFOPLIST_FILE = YES;
				IPHONEOS_DEPLOYMENT_TARGET = 16.2;
				MACOSX_DEPLOYMENT_TARGET = 13.1;
				MARKETING_VERSION = 1.0;
				PRODUCT_BUNDLE_IDENTIFIER = com.homework.MaTeamUITests;
				PRODUCT_NAME = "$(TARGET_NAME)";
				SDKROOT = auto;
				SUPPORTED_PLATFORMS = "iphoneos iphonesimulator macosx";
				SWIFT_EMIT_LOC_STRINGS = NO;
				SWIFT_VERSION = 5.0;
				TARGETED_DEVICE_FAMILY = "1,2";
				TEST_TARGET_NAME = MaTeam;
			};
			name = Debug;
		};
		E9234B4D2966B468004D1874 /* Release */ = {
			isa = XCBuildConfiguration;
			baseConfigurationReference = E95080102966F11800C1FBA7 /* Config.xcconfig */;
			buildSettings = {
				ALWAYS_EMBED_SWIFT_STANDARD_LIBRARIES = YES;
				CODE_SIGN_STYLE = Automatic;
				CURRENT_PROJECT_VERSION = 1;
				DEVELOPMENT_TEAM = 75K654T5D3;
				GENERATE_INFOPLIST_FILE = YES;
				IPHONEOS_DEPLOYMENT_TARGET = 16.2;
				MACOSX_DEPLOYMENT_TARGET = 13.1;
				MARKETING_VERSION = 1.0;
				PRODUCT_BUNDLE_IDENTIFIER = com.homework.MaTeamUITests;
				PRODUCT_NAME = "$(TARGET_NAME)";
				SDKROOT = auto;
				SUPPORTED_PLATFORMS = "iphoneos iphonesimulator macosx";
				SWIFT_EMIT_LOC_STRINGS = NO;
				SWIFT_VERSION = 5.0;
				TARGETED_DEVICE_FAMILY = "1,2";
				TEST_TARGET_NAME = MaTeam;
			};
			name = Release;
		};
/* End XCBuildConfiguration section */

/* Begin XCConfigurationList section */
		E9234B182966B466004D1874 /* Build configuration list for PBXProject "MaTeam" */ = {
			isa = XCConfigurationList;
			buildConfigurations = (
				E9234B432966B468004D1874 /* Debug */,
				E9234B442966B468004D1874 /* Release */,
			);
			defaultConfigurationIsVisible = 0;
			defaultConfigurationName = Release;
		};
		E9234B452966B468004D1874 /* Build configuration list for PBXNativeTarget "MaTeam" */ = {
			isa = XCConfigurationList;
			buildConfigurations = (
				E9234B462966B468004D1874 /* Debug */,
				E9234B472966B468004D1874 /* Release */,
			);
			defaultConfigurationIsVisible = 0;
			defaultConfigurationName = Release;
		};
		E9234B482966B468004D1874 /* Build configuration list for PBXNativeTarget "MaTeamTests" */ = {
			isa = XCConfigurationList;
			buildConfigurations = (
				E9234B492966B468004D1874 /* Debug */,
				E9234B4A2966B468004D1874 /* Release */,
			);
			defaultConfigurationIsVisible = 0;
			defaultConfigurationName = Release;
		};
		E9234B4B2966B468004D1874 /* Build configuration list for PBXNativeTarget "MaTeamUITests" */ = {
			isa = XCConfigurationList;
			buildConfigurations = (
				E9234B4C2966B468004D1874 /* Debug */,
				E9234B4D2966B468004D1874 /* Release */,
			);
			defaultConfigurationIsVisible = 0;
			defaultConfigurationName = Release;
		};
/* End XCConfigurationList section */

/* Begin XCRemoteSwiftPackageReference section */
		E950801E29670DC500C1FBA7 /* XCRemoteSwiftPackageReference "Inject" */ = {
			isa = XCRemoteSwiftPackageReference;
			repositoryURL = "https://github.com/krzysztofzablocki/Inject";
			requirement = {
				kind = upToNextMinorVersion;
				minimumVersion = 1.2.0;
			};
		};
/* End XCRemoteSwiftPackageReference section */

/* Begin XCSwiftPackageProductDependency section */
		E950801F29670DC500C1FBA7 /* Inject */ = {
			isa = XCSwiftPackageProductDependency;
			package = E950801E29670DC500C1FBA7 /* XCRemoteSwiftPackageReference "Inject" */;
			productName = Inject;
		};
/* End XCSwiftPackageProductDependency section */
	};
	rootObject = E9234B152966B466004D1874 /* Project object */;
}
